
Microsoft Visual Studio Solution File, Format Version 12.00
# Visual Studio 15
Project("{FAE04EC0-301F-11D3-BF4B-00C04F79EFBC}") = "TheObjectOfYourAffection", "TheObjectOfYourAffection\TheObjectOfYourAffection.csproj", "{CE827D37-5065-45D4-A4DE-990C85AE2731}"
EndProject
Global
	GlobalSection(SolutionConfigurationPlatforms) = preSolution
		Debug|Any CPU = Debug|Any CPU
		Release|Any CPU = Release|Any CPU
	EndGlobalSection
	GlobalSection(ProjectConfigurationPlatforms) = postSolution
		{CE827D37-5065-45D4-A4DE-990C85AE2731}.Debug|Any CPU.ActiveCfg = Debug|Any CPU
		{CE827D37-5065-45D4-A4DE-990C85AE2731}.Debug|Any CPU.Build.0 = Debug|Any CPU
		{CE827D37-5065-45D4-A4DE-990C85AE2731}.Release|Any CPU.ActiveCfg = Release|Any CPU
		{CE827D37-5065-45D4-A4DE-990C85AE2731}.Release|Any CPU.Build.0 = Release|Any CPU
	EndGlobalSection
EndGlobal
